lockfileVersion: '9.0'

settings:
  autoInstallPeers: true
  excludeLinksFromLockfile: false

importers:

  .:
    dependencies:
      '@toon-format/toon':
        specifier: ^1.0.0
        version: 1.0.0

packages:

  '@toon-format/toon@1.0.0':
    resolution: {integrity: sha512-2gIk8LaqrzpurNDaDWZ72kucAGcBbxJxUnp+4ZP+Pny/QVNdMVf97yzSDTI3ed2q8ypjj8T271P6iE3bRmQBNw==}

snapshots:

  '@toon-format/toon@1.0.0': {}
